
Microsoft Visual Studio Solution File, Format Version 12.00
# Visual Studio 15
VisualStudioVersion = 15.0.28307.168
MinimumVisualStudioVersion = 10.0.40219.1
Project("{FAE04EC0-301F-11D3-BF4B-00C04F79EFBC}") = "EL MERSHATI Laith - Projet Info A2", "EL MERSHATI Laith - Projet Info A2\EL MERSHATI Laith - Projet Info A2.csproj", "{B0CAB210-22FE-4CE8-A478-356DF70FDA92}"
EndProject
Global
	GlobalSection(SolutionConfigurationPlatforms) = preSolution
		Debug|Any CPU = Debug|Any CPU
		Release|Any CPU = Release|Any CPU
	EndGlobalSection
	GlobalSection(ProjectConfigurationPlatforms) = postSolution
		{B0CAB210-22FE-4CE8-A478-356DF70FDA92}.Debug|Any CPU.ActiveCfg = Debug|Any CPU
		{B0CAB210-22FE-4CE8-A478-356DF70FDA92}.Debug|Any CPU.Build.0 = Debug|Any CPU
		{B0CAB210-22FE-4CE8-A478-356DF70FDA92}.Release|Any CPU.ActiveCfg = Release|Any CPU
		{B0CAB210-22FE-4CE8-A478-356DF70FDA92}.Release|Any CPU.Build.0 = Release|Any CPU
	EndGlobalSection
	GlobalSection(SolutionProperties) = preSolution
		HideSolutionNode = FALSE
	EndGlobalSection
	GlobalSection(ExtensibilityGlobals) = postSolution
		SolutionGuid = {1AF59C83-F213-45CA-A59D-B810FD9F4A3B}
	EndGlobalSection
EndGlobal
